
Microsoft Visual Studio Solution File, Format Version 12.00
# Visual Studio Version 16
VisualStudioVersion = 16.0.32126.315
MinimumVisualStudioVersion = 10.0.40219.1
Project("{FAE04EC0-301F-11D3-BF4B-00C04F79EFBC}") = "WordSearch_game", "WordSearch_game\WordSearch_game.csproj", "{24029579-6FA7-4B1A-9C46-88E419733114}"
EndProject
Global
	GlobalSection(SolutionConfigurationPlatforms) = preSolution
		Debug|Any CPU = Debug|Any CPU
		Release|Any CPU = Release|Any CPU
	EndGlobalSection
	GlobalSection(ProjectConfigurationPlatforms) = postSolution
		{24029579-6FA7-4B1A-9C46-88E419733114}.Debug|Any CPU.ActiveCfg = Debug|Any CPU
		{24029579-6FA7-4B1A-9C46-88E419733114}.Debug|Any CPU.Build.0 = Debug|Any CPU
		{24029579-6FA7-4B1A-9C46-88E419733114}.Release|Any CPU.ActiveCfg = Release|Any CPU
		{24029579-6FA7-4B1A-9C46-88E419733114}.Release|Any CPU.Build.0 = Release|Any CPU
	EndGlobalSection
	GlobalSection(SolutionProperties) = preSolution
		HideSolutionNode = FALSE
	EndGlobalSection
	GlobalSection(ExtensibilityGlobals) = postSolution
		SolutionGuid = {E815AC70-F66C-4ADB-97F5-04D5723022D5}
	EndGlobalSection
EndGlobal
